
Microsoft Visual Studio Solution File, Format Version 12.00
# Visual Studio 2012
Project("{FAE04EC0-301F-11D3-BF4B-00C04F79EFBC}") = "DocumentReaderSample", "DocumentReaderSample\DocumentReaderSample.csproj", "{A415521A-8128-4E6E-B3A4-45954A49626C}"
EndProject
Project("{FAE04EC0-301F-11D3-BF4B-00C04F79EFBC}") = "DocumentReaderSample.Droid", "Droid\DocumentReaderSample.Droid.csproj", "{51AA520B-83B1-4639-A1F1-8AB86AC76EB3}"
EndProject
Project("{FAE04EC0-301F-11D3-BF4B-00C04F79EFBC}") = "DocumentReaderSample.iOS", "iOS\DocumentReaderSample.iOS.csproj", "{F6A2E438-1604-4107-A65C-E824BDFDB5E2}"
EndProject
Global
	GlobalSection(SolutionConfigurationPlatforms) = preSolution
		Debug|Any CPU = Debug|Any CPU
		Release|Any CPU = Release|Any CPU
		Debug|iPhoneSimulator = Debug|iPhoneSimulator
		Release|iPhone = Release|iPhone
		Release|iPhoneSimulator = Release|iPhoneSimulator
		Debug|iPhone = Debug|iPhone
	EndGlobalSection
	GlobalSection(ProjectConfigurationPlatforms) = postSolution
		{A415521A-8128-4E6E-B3A4-45954A49626C}.Debug|Any CPU.ActiveCfg = Debug|Any CPU
		{A415521A-8128-4E6E-B3A4-45954A49626C}.Debug|Any CPU.Build.0 = Debug|Any CPU
		{A415521A-8128-4E6E-B3A4-45954A49626C}.Release|Any CPU.ActiveCfg = Release|Any CPU
		{A415521A-8128-4E6E-B3A4-45954A49626C}.Release|Any CPU.Build.0 = Release|Any CPU
		{A415521A-8128-4E6E-B3A4-45954A49626C}.Debug|iPhoneSimulator.ActiveCfg = Debug|Any CPU
		{A415521A-8128-4E6E-B3A4-45954A49626C}.Debug|iPhoneSimulator.Build.0 = Debug|Any CPU
		{A415521A-8128-4E6E-B3A4-45954A49626C}.Release|iPhone.ActiveCfg = Release|Any CPU
		{A415521A-8128-4E6E-B3A4-45954A49626C}.Release|iPhone.Build.0 = Release|Any CPU
		{A415521A-8128-4E6E-B3A4-45954A49626C}.Release|iPhoneSimulator.ActiveCfg = Release|Any CPU
		{A415521A-8128-4E6E-B3A4-45954A49626C}.Release|iPhoneSimulator.Build.0 = Release|Any CPU
		{A415521A-8128-4E6E-B3A4-45954A49626C}.Debug|iPhone.ActiveCfg = Debug|Any CPU
		{A415521A-8128-4E6E-B3A4-45954A49626C}.Debug|iPhone.Build.0 = Debug|Any CPU
		{51AA520B-83B1-4639-A1F1-8AB86AC76EB3}.Debug|Any CPU.ActiveCfg = Debug|Any CPU
		{51AA520B-83B1-4639-A1F1-8AB86AC76EB3}.Debug|Any CPU.Build.0 = Debug|Any CPU
		{51AA520B-83B1-4639-A1F1-8AB86AC76EB3}.Release|Any CPU.ActiveCfg = Release|Any CPU
		{51AA520B-83B1-4639-A1F1-8AB86AC76EB3}.Release|Any CPU.Build.0 = Release|Any CPU
		{51AA520B-83B1-4639-A1F1-8AB86AC76EB3}.Debug|iPhoneSimulator.ActiveCfg = Debug|Any CPU
		{51AA520B-83B1-4639-A1F1-8AB86AC76EB3}.Debug|iPhoneSimulator.Build.0 = Debug|Any CPU
		{51AA520B-83B1-4639-A1F1-8AB86AC76EB3}.Release|iPhone.ActiveCfg = Release|Any CPU
		{51AA520B-83B1-4639-A1F1-8AB86AC76EB3}.Release|iPhone.Build.0 = Release|Any CPU
		{51AA520B-83B1-4639-A1F1-8AB86AC76EB3}.Release|iPhoneSimulator.ActiveCfg = Release|Any CPU
		{51AA520B-83B1-4639-A1F1-8AB86AC76EB3}.Release|iPhoneSimulator.Build.0 = Release|Any CPU
		{51AA520B-83B1-4639-A1F1-8AB86AC76EB3}.Debug|iPhone.ActiveCfg = Debug|Any CPU
		{51AA520B-83B1-4639-A1F1-8AB86AC76EB3}.Debug|iPhone.Build.0 = Debug|Any CPU
		{F6A2E438-1604-4107-A65C-E824BDFDB5E2}.Debug|Any CPU.ActiveCfg = Debug|iPhoneSimulator
		{F6A2E438-1604-4107-A65C-E824BDFDB5E2}.Debug|Any CPU.Build.0 = Debug|iPhoneSimulator
		{F6A2E438-1604-4107-A65C-E824BDFDB5E2}.Release|Any CPU.ActiveCfg = Release|iPhone
		{F6A2E438-1604-4107-A65C-E824BDFDB5E2}.Release|Any CPU.Build.0 = Release|iPhone
		{F6A2E438-1604-4107-A65C-E824BDFDB5E2}.Debug|iPhoneSimulator.ActiveCfg = Debug|iPhoneSimulator
		{F6A2E438-1604-4107-A65C-E824BDFDB5E2}.Debug|iPhoneSimulator.Build.0 = Debug|iPhoneSimulator
		{F6A2E438-1604-4107-A65C-E824BDFDB5E2}.Release|iPhone.ActiveCfg = Release|iPhone
		{F6A2E438-1604-4107-A65C-E824BDFDB5E2}.Release|iPhone.Build.0 = Release|iPhone
		{F6A2E438-1604-4107-A65C-E824BDFDB5E2}.Release|iPhoneSimulator.ActiveCfg = Release|iPhoneSimulator
		{F6A2E438-1604-4107-A65C-E824BDFDB5E2}.Release|iPhoneSimulator.Build.0 = Release|iPhoneSimulator
		{F6A2E438-1604-4107-A65C-E824BDFDB5E2}.Debug|iPhone.ActiveCfg = Debug|iPhone
		{F6A2E438-1604-4107-A65C-E824BDFDB5E2}.Debug|iPhone.Build.0 = Debug|iPhone
	EndGlobalSection
EndGlobal
