Microsoft Visual Studio Solution File, Format Version 12.00
# Visual Studio Version 16
VisualStudioVersion = 16.0.31313.79
MinimumVisualStudioVersion = 10.0.40219.1
Project("{FAE04EC0-301F-11D3-BF4B-00C04F79EFBC}") = "DocumentReaderSample.Android", "DocumentReaderSample.Android\DocumentReaderSample.Android.csproj", "{F38802E8-EBC9-44A8-9F01-6A4461B99B4A}"
EndProject
Project("{FAE04EC0-301F-11D3-BF4B-00C04F79EFBC}") = "DocumentReaderSample.iOS", "DocumentReaderSample.iOS\DocumentReaderSample.iOS.csproj", "{A8C79586-C5A7-4372-A025-85CED64D3EA2}"
EndProject
Project("{9A19103F-16F7-4668-BE54-9A1E7A4F7556}") = "DocumentReaderSample", "DocumentReaderSample\DocumentReaderSample.csproj", "{3A3FB1AC-AE3D-47A2-8D27-0F2BC37DBDC4}"
EndProject
Global
	GlobalSection(SolutionConfigurationPlatforms) = preSolution
		Debug|Any CPU = Debug|Any CPU
		Debug|iPhone = Debug|iPhone
		Debug|iPhoneSimulator = Debug|iPhoneSimulator
		Release|Any CPU = Release|Any CPU
		Release|iPhone = Release|iPhone
		Release|iPhoneSimulator = Release|iPhoneSimulator
	EndGlobalSection
	GlobalSection(ProjectConfigurationPlatforms) = postSolution
		{F38802E8-EBC9-44A8-9F01-6A4461B99B4A}.Debug|Any CPU.ActiveCfg = Debug|Any CPU
		{F38802E8-EBC9-44A8-9F01-6A4461B99B4A}.Debug|Any CPU.Build.0 = Debug|Any CPU
		{F38802E8-EBC9-44A8-9F01-6A4461B99B4A}.Debug|Any CPU.Deploy.0 = Debug|Any CPU
		{F38802E8-EBC9-44A8-9F01-6A4461B99B4A}.Debug|iPhone.ActiveCfg = Debug|Any CPU
		{F38802E8-EBC9-44A8-9F01-6A4461B99B4A}.Debug|iPhone.Build.0 = Debug|Any CPU
		{F38802E8-EBC9-44A8-9F01-6A4461B99B4A}.Debug|iPhoneSimulator.ActiveCfg = Debug|Any CPU
		{F38802E8-EBC9-44A8-9F01-6A4461B99B4A}.Debug|iPhoneSimulator.Build.0 = Debug|Any CPU
		{F38802E8-EBC9-44A8-9F01-6A4461B99B4A}.Release|Any CPU.ActiveCfg = Release|Any CPU
		{F38802E8-EBC9-44A8-9F01-6A4461B99B4A}.Release|Any CPU.Build.0 = Release|Any CPU
		{F38802E8-EBC9-44A8-9F01-6A4461B99B4A}.Release|iPhone.ActiveCfg = Release|Any CPU
		{F38802E8-EBC9-44A8-9F01-6A4461B99B4A}.Release|iPhone.Build.0 = Release|Any CPU
		{F38802E8-EBC9-44A8-9F01-6A4461B99B4A}.Release|iPhoneSimulator.ActiveCfg = Release|Any CPU
		{F38802E8-EBC9-44A8-9F01-6A4461B99B4A}.Release|iPhoneSimulator.Build.0 = Release|Any CPU
		{A8C79586-C5A7-4372-A025-85CED64D3EA2}.Debug|Any CPU.ActiveCfg = Debug|iPhoneSimulator
		{A8C79586-C5A7-4372-A025-85CED64D3EA2}.Debug|Any CPU.Build.0 = Debug|iPhoneSimulator
		{A8C79586-C5A7-4372-A025-85CED64D3EA2}.Debug|iPhone.ActiveCfg = Debug|iPhone
		{A8C79586-C5A7-4372-A025-85CED64D3EA2}.Debug|iPhone.Build.0 = Debug|iPhone
		{A8C79586-C5A7-4372-A025-85CED64D3EA2}.Debug|iPhoneSimulator.ActiveCfg = Debug|iPhoneSimulator
		{A8C79586-C5A7-4372-A025-85CED64D3EA2}.Debug|iPhoneSimulator.Build.0 = Debug|iPhoneSimulator
		{A8C79586-C5A7-4372-A025-85CED64D3EA2}.Release|Any CPU.ActiveCfg = Release|iPhoneSimulator
		{A8C79586-C5A7-4372-A025-85CED64D3EA2}.Release|Any CPU.Build.0 = Release|iPhoneSimulator
		{A8C79586-C5A7-4372-A025-85CED64D3EA2}.Release|iPhone.ActiveCfg = Release|iPhone
		{A8C79586-C5A7-4372-A025-85CED64D3EA2}.Release|iPhone.Build.0 = Release|iPhone
		{A8C79586-C5A7-4372-A025-85CED64D3EA2}.Release|iPhoneSimulator.ActiveCfg = Release|iPhoneSimulator
		{A8C79586-C5A7-4372-A025-85CED64D3EA2}.Release|iPhoneSimulator.Build.0 = Release|iPhoneSimulator
		{3A3FB1AC-AE3D-47A2-8D27-0F2BC37DBDC4}.Debug|Any CPU.ActiveCfg = Debug|Any CPU
		{3A3FB1AC-AE3D-47A2-8D27-0F2BC37DBDC4}.Debug|Any CPU.Build.0 = Debug|Any CPU
		{3A3FB1AC-AE3D-47A2-8D27-0F2BC37DBDC4}.Debug|iPhone.ActiveCfg = Debug|Any CPU
		{3A3FB1AC-AE3D-47A2-8D27-0F2BC37DBDC4}.Debug|iPhone.Build.0 = Debug|Any CPU
		{3A3FB1AC-AE3D-47A2-8D27-0F2BC37DBDC4}.Debug|iPhoneSimulator.ActiveCfg = Debug|Any CPU
		{3A3FB1AC-AE3D-47A2-8D27-0F2BC37DBDC4}.Debug|iPhoneSimulator.Build.0 = Debug|Any CPU
		{3A3FB1AC-AE3D-47A2-8D27-0F2BC37DBDC4}.Release|Any CPU.ActiveCfg = Release|Any CPU
		{3A3FB1AC-AE3D-47A2-8D27-0F2BC37DBDC4}.Release|Any CPU.Build.0 = Release|Any CPU
		{3A3FB1AC-AE3D-47A2-8D27-0F2BC37DBDC4}.Release|iPhone.ActiveCfg = Release|Any CPU
		{3A3FB1AC-AE3D-47A2-8D27-0F2BC37DBDC4}.Release|iPhone.Build.0 = Release|Any CPU
		{3A3FB1AC-AE3D-47A2-8D27-0F2BC37DBDC4}.Release|iPhoneSimulator.ActiveCfg = Release|Any CPU
		{3A3FB1AC-AE3D-47A2-8D27-0F2BC37DBDC4}.Release|iPhoneSimulator.Build.0 = Release|Any CPU
	EndGlobalSection
	GlobalSection(SolutionProperties) = preSolution
		HideSolutionNode = FALSE
	EndGlobalSection
	GlobalSection(ExtensibilityGlobals) = postSolution
		SolutionGuid = {5B45C98B-F6FE-47F8-9977-DC1A908B1166}
	EndGlobalSection
EndGlobal
